
Microsoft Visual Studio Solution File, Format Version 12.00
Project("{FAE04EC0-301F-11D3-BF4B-00C04F79EFBC}") = "SpacePeace", "SpacePeace.csproj", "{D0F5B304-A3F4-48EB-AA7D-B727C1FC5B93}"
EndProject
Global
	GlobalSection(SolutionConfigurationPlatforms) = preSolution
		Debug|Any CPU = Debug|Any CPU
		Release|Any CPU = Release|Any CPU
	EndGlobalSection
	GlobalSection(ProjectConfigurationPlatforms) = postSolution
		{D0F5B304-A3F4-48EB-AA7D-B727C1FC5B93}.Debug|Any CPU.ActiveCfg = Debug|Any CPU
		{D0F5B304-A3F4-48EB-AA7D-B727C1FC5B93}.Debug|Any CPU.Build.0 = Debug|Any CPU
		{D0F5B304-A3F4-48EB-AA7D-B727C1FC5B93}.Release|Any CPU.ActiveCfg = Release|Any CPU
		{D0F5B304-A3F4-48EB-AA7D-B727C1FC5B93}.Release|Any CPU.Build.0 = Release|Any CPU
	EndGlobalSection
EndGlobal
